
Microsoft Visual Studio Solution File, Format Version 12.00
# Visual Studio Version 17
VisualStudioVersion = 17.13.35806.99 d17.13
MinimumVisualStudioVersion = 10.0.40219.1
Project("{FAE04EC0-301F-11D3-BF4B-00C04F79EFBC}") = "BlazorStripeExample", "BlazorStripeExample.csproj", "{3907A7FF-333A-03B5-4117-45B1508E8930}"
EndProject
Global
	GlobalSection(SolutionConfigurationPlatforms) = preSolution
		Debug|Any CPU = Debug|Any CPU
		Release|Any CPU = Release|Any CPU
	EndGlobalSection
	GlobalSection(ProjectConfigurationPlatforms) = postSolution
		{3907A7FF-333A-03B5-4117-45B1508E8930}.Debug|Any CPU.ActiveCfg = Debug|Any CPU
		{3907A7FF-333A-03B5-4117-45B1508E8930}.Debug|Any CPU.Build.0 = Debug|Any CPU
		{3907A7FF-333A-03B5-4117-45B1508E8930}.Release|Any CPU.ActiveCfg = Release|Any CPU
		{3907A7FF-333A-03B5-4117-45B1508E8930}.Release|Any CPU.Build.0 = Release|Any CPU
	EndGlobalSection
	GlobalSection(SolutionProperties) = preSolution
		HideSolutionNode = FALSE
	EndGlobalSection
	GlobalSection(ExtensibilityGlobals) = postSolution
		SolutionGuid = {88DF7DC1-A324-460E-9D2E-69E361FF690F}
	EndGlobalSection
EndGlobal
